
Microsoft Visual Studio Solution File, Format Version 12.00
# Visual Studio Version 17
VisualStudioVersion = 17.8.34330.188
MinimumVisualStudioVersion = 10.0.40219.1
Project("{FAE04EC0-301F-11D3-BF4B-00C04F79EFBC}") = "Ex 3 - Produto", "Ex 3 - Produto\Ex 3 - Produto.csproj", "{586883E4-5B43-41CA-8579-7031D559B42A}"
EndProject
Global
	GlobalSection(SolutionConfigurationPlatforms) = preSolution
		Debug|Any CPU = Debug|Any CPU
		Release|Any CPU = Release|Any CPU
	EndGlobalSection
	GlobalSection(ProjectConfigurationPlatforms) = postSolution
		{586883E4-5B43-41CA-8579-7031D559B42A}.Debug|Any CPU.ActiveCfg = Debug|Any CPU
		{586883E4-5B43-41CA-8579-7031D559B42A}.Debug|Any CPU.Build.0 = Debug|Any CPU
		{586883E4-5B43-41CA-8579-7031D559B42A}.Release|Any CPU.ActiveCfg = Release|Any CPU
		{586883E4-5B43-41CA-8579-7031D559B42A}.Release|Any CPU.Build.0 = Release|Any CPU
	EndGlobalSection
	GlobalSection(SolutionProperties) = preSolution
		HideSolutionNode = FALSE
	EndGlobalSection
	GlobalSection(ExtensibilityGlobals) = postSolution
		SolutionGuid = {E0AB6DE5-C925-4D5B-9A68-0F68DEA69BA9}
	EndGlobalSection
EndGlobal
